// !$*UTF8*$!
{
	archiveVersion = 1;
	classes = {
	};
	objectVersion = 51;
	objects = {

/* Begin PBXBuildFile section */
		4F612A1F26221F7300293889 /* GoogleSignInManager.swift in Sources */ = {isa = PBXBuildFile; fileRef = 4F612A1E26221F7300293889 /* GoogleSignInManager.swift */; };
		4F612A2826221FA100293889 /* AppDelegate.swift in Sources */ = {isa = PBXBuildFile; fileRef = 4F612A2726221FA100293889 /* AppDelegate.swift */; };
		4F612A3026221FE700293889 /* GoogleSignInButton.swift in Sources */ = {isa = PBXBuildFile; fileRef = 4F612A2F26221FE700293889 /* GoogleSignInButton.swift */; };
		4FC178DA25FB12BD000421E4 /* FoodApp.swift in Sources */ = {isa = PBXBuildFile; fileRef = 4FC178D925FB12BD000421E4 /* FoodApp.swift */; };
		4FC178DC25FB12BD000421E4 /* ContentView.swift in Sources */ = {isa = PBXBuildFile; fileRef = 4FC178DB25FB12BD000421E4 /* ContentView.swift */; };
		4FC178DE25FB12BF000421E4 /* Assets.xcassets in Resources */ = {isa = PBXBuildFile; fileRef = 4FC178DD25FB12BF000421E4 /* Assets.xcassets */; };
		4FC178E125FB12BF000421E4 /* Preview Assets.xcassets in Resources */ = {isa = PBXBuildFile; fileRef = 4FC178E025FB12BF000421E4 /* Preview Assets.xcassets */; };
		4FC178EC25FB12BF000421E4 /* FoodTests.swift in Sources */ = {isa = PBXBuildFile; fileRef = 4FC178EB25FB12BF000421E4 /* FoodTests.swift */; };
		4FC178F725FB12BF000421E4 /* FoodUITests.swift in Sources */ = {isa = PBXBuildFile; fileRef = 4FC178F625FB12BF000421E4 /* FoodUITests.swift */; };
		4FDF8D3626237C61008D3BBB /* Keys.swift in Sources */ = {isa = PBXBuildFile; fileRef = 4FDF8D3526237C61008D3BBB /* Keys.swift */; };
		4FDF8D4026237F20008D3BBB /* GoogleService-Info.plist in Resources */ = {isa = PBXBuildFile; fileRef = 4FDF8D3F26237F20008D3BBB /* GoogleService-Info.plist */; };
		98F2DF7EA3CACEABD11CDEFB /* Pods_Food.framework in Frameworks */ = {isa = PBXBuildFile; fileRef = AD38206AE571A38AE9BBEE7F /* Pods_Food.framework */; };
		A948FB898DF97EFBD1F9DC93 /* Pods_Food_FoodUITests.framework in Frameworks */ = {isa = PBXBuildFile; fileRef = 5D0999BA34BC298259320D75 /* Pods_Food_FoodUITests.framework */; };
		AFFD8F46B59AABE253E33CFA /* Pods_FoodTests.framework in Frameworks */ = {isa = PBXBuildFile; fileRef = A959A0FC2A35E438C490F249 /* Pods_FoodTests.framework */; };
/* End PBXBuildFile section */

/* Begin PBXContainerItemProxy section */
		4FC178E825FB12BF000421E4 /* PBXContainerItemProxy */ = {
			isa = PBXContainerItemProxy;
			containerPortal = 4FC178CE25FB12BC000421E4 /* Project object */;
			proxyType = 1;
			remoteGlobalIDString = 4FC178D525FB12BD000421E4;
			remoteInfo = Food;
		};
		4FC178F325FB12BF000421E4 /* PBXContainerItemProxy */ = {
			isa = PBXContainerItemProxy;
			containerPortal = 4FC178CE25FB12BC000421E4 /* Project object */;
			proxyType = 1;
			remoteGlobalIDString = 4FC178D525FB12BD000421E4;
			remoteInfo = Food;
		};
/* End PBXContainerItemProxy section */

/* Begin PBXFileReference section */
		20E6A71428845F5C09E6AA07 /* Pods-Food-FoodUITests.release.xcconfig */ = {isa = PBXFileReference; includeInIndex = 1; lastKnownFileType = text.xcconfig; name = "Pods-Food-FoodUITests.release.xcconfig"; path = "Target Support Files/Pods-Food-FoodUITests/Pods-Food-FoodUITests.release.xcconfig"; sourceTree = "<group>"; };
		2B72DF11008859108332B877 /* Pods-Food.debug.xcconfig */ = {isa = PBXFileReference; includeInIndex = 1; lastKnownFileType = text.xcconfig; name = "Pods-Food.debug.xcconfig"; path = "Target Support Files/Pods-Food/Pods-Food.debug.xcconfig"; sourceTree = "<group>"; };
		4F612A1E26221F7300293889 /* GoogleSignInManager.swift */ = {isa = PBXFileReference; lastKnownFileType = sourcecode.swift; path = GoogleSignInManager.swift; sourceTree = "<group>"; };
		4F612A2726221FA100293889 /* AppDelegate.swift */ = {isa = PBXFileReference; lastKnownFileType = sourcecode.swift; path = AppDelegate.swift; sourceTree = "<group>"; };
		4F612A2F26221FE700293889 /* GoogleSignInButton.swift */ = {isa = PBXFileReference; lastKnownFileType = sourcecode.swift; path = GoogleSignInButton.swift; sourceTree = "<group>"; };
		4FC178D625FB12BD000421E4 /* Food.app */ = {isa = PBXFileReference; explicitFileType = wrapper.application; includeInIndex = 0; path = Food.app; sourceTree = BUILT_PRODUCTS_DIR; };
		4FC178D925FB12BD000421E4 /* FoodApp.swift */ = {isa = PBXFileReference; lastKnownFileType = sourcecode.swift; path = FoodApp.swift; sourceTree = "<group>"; };
		4FC178DB25FB12BD000421E4 /* ContentView.swift */ = {isa = PBXFileReference; lastKnownFileType = sourcecode.swift; path = ContentView.swift; sourceTree = "<group>"; };
		4FC178DD25FB12BF000421E4 /* Assets.xcassets */ = {isa = PBXFileReference; lastKnownFileType = folder.assetcatalog; path = Assets.xcassets; sourceTree = "<group>"; };
		4FC178E025FB12BF000421E4 /* Preview Assets.xcassets */ = {isa = PBXFileReference; lastKnownFileType = folder.assetcatalog; path = "Preview Assets.xcassets"; sourceTree = "<group>"; };
		4FC178E225FB12BF000421E4 /* Info.plist */ = {isa = PBXFileReference; lastKnownFileType = text.plist.xml; path = Info.plist; sourceTree = "<group>"; };
		4FC178E725FB12BF000421E4 /* FoodTests.xctest */ = {isa = PBXFileReference; explicitFileType = wrapper.cfbundle; includeInIndex = 0; path = FoodTests.xctest; sourceTree = BUILT_PRODUCTS_DIR; };
		4FC178EB25FB12BF000421E4 /* FoodTests.swift */ = {isa = PBXFileReference; lastKnownFileType = sourcecode.swift; path = FoodTests.swift; sourceTree = "<group>"; };
		4FC178ED25FB12BF000421E4 /* Info.plist */ = {isa = PBXFileReference; lastKnownFileType = text.plist.xml; path = Info.plist; sourceTree = "<group>"; };
		4FC178F225FB12BF000421E4 /* FoodUITests.xctest */ = {isa = PBXFileReference; explicitFileType = wrapper.cfbundle; includeInIndex = 0; path = FoodUITests.xctest; sourceTree = BUILT_PRODUCTS_DIR; };
		4FC178F625FB12BF000421E4 /* FoodUITests.swift */ = {isa = PBXFileReference; lastKnownFileType = sourcecode.swift; path = FoodUITests.swift; sourceTree = "<group>"; };
		4FC178F825FB12BF000421E4 /* Info.plist */ = {isa = PBXFileReference; lastKnownFileType = text.plist.xml; path = Info.plist; sourceTree = "<group>"; };
		4FDF8D3526237C61008D3BBB /* Keys.swift */ = {isa = PBXFileReference; lastKnownFileType = sourcecode.swift; path = Keys.swift; sourceTree = "<group>"; };
		4FDF8D3F26237F20008D3BBB /* GoogleService-Info.plist */ = {isa = PBXFileReference; fileEncoding = 4; lastKnownFileType = text.plist.xml; path = "GoogleService-Info.plist"; sourceTree = "<group>"; };
		5D0999BA34BC298259320D75 /* Pods_Food_FoodUITests.framework */ = {isa = PBXFileReference; explicitFileType = wrapper.framework; includeInIndex = 0; path = Pods_Food_FoodUITests.framework; sourceTree = BUILT_PRODUCTS_DIR; };
		8E07422697FA6B7015700408 /* Pods-FoodTests.debug.xcconfig */ = {isa = PBXFileReference; includeInIndex = 1; lastKnownFileType = text.xcconfig; name = "Pods-FoodTests.debug.xcconfig"; path = "Target Support Files/Pods-FoodTests/Pods-FoodTests.debug.xcconfig"; sourceTree = "<group>"; };
		92CC5C047EAA3093B21BD843 /* Pods-Food.release.xcconfig */ = {isa = PBXFileReference; includeInIndex = 1; lastKnownFileType = text.xcconfig; name = "Pods-Food.release.xcconfig"; path = "Target Support Files/Pods-Food/Pods-Food.release.xcconfig"; sourceTree = "<group>"; };
		A8FEF0BDA63EAE30B5A69180 /* Pods-Food-FoodUITests.debug.xcconfig */ = {isa = PBXFileReference; includeInIndex = 1; lastKnownFileType = text.xcconfig; name = "Pods-Food-FoodUITests.debug.xcconfig"; path = "Target Support Files/Pods-Food-FoodUITests/Pods-Food-FoodUITests.debug.xcconfig"; sourceTree = "<group>"; };
		A959A0FC2A35E438C490F249 /* Pods_FoodTests.framework */ = {isa = PBXFileReference; explicitFileType = wrapper.framework; includeInIndex = 0; path = Pods_FoodTests.framework; sourceTree = BUILT_PRODUCTS_DIR; };
		AD38206AE571A38AE9BBEE7F /* Pods_Food.framework */ = {isa = PBXFileReference; explicitFileType = wrapper.framework; includeInIndex = 0; path = Pods_Food.framework; sourceTree = BUILT_PRODUCTS_DIR; };
		EADB0654165849C7A547BD02 /* Pods-FoodTests.release.xcconfig */ = {isa = PBXFileReference; includeInIndex = 1; lastKnownFileType = text.xcconfig; name = "Pods-FoodTests.release.xcconfig"; path = "Target Support Files/Pods-FoodTests/Pods-FoodTests.release.xcconfig"; sourceTree = "<group>"; };
/* End PBXFileReference section */

/* Begin PBXFrameworksBuildPhase section */
		4FC178D325FB12BD000421E4 /* Frameworks */ = {
			isa = PBXFrameworksBuildPhase;
			buildActionMask = 2147483647;
			files = (
				98F2DF7EA3CACEABD11CDEFB /* Pods_Food.framework in Frameworks */,
			);
			runOnlyForDeploymentPostprocessing = 0;
		};
		4FC178E425FB12BF000421E4 /* Frameworks */ = {
			isa = PBXFrameworksBuildPhase;
			buildActionMask = 2147483647;
			files = (
				AFFD8F46B59AABE253E33CFA /* Pods_FoodTests.framework in Frameworks */,
			);
			runOnlyForDeploymentPostprocessing = 0;
		};
		4FC178EF25FB12BF000421E4 /* Frameworks */ = {
			isa = PBXFrameworksBuildPhase;
			buildActionMask = 2147483647;
			files = (
				A948FB898DF97EFBD1F9DC93 /* Pods_Food_FoodUITests.framework in Frameworks */,
			);
			runOnlyForDeploymentPostprocessing = 0;
		};
/* End PBXFrameworksBuildPhase section */

/* Begin PBXGroup section */
		4F612A1D26221F3900293889 /* Supporting */ = {
			isa = PBXGroup;
			children = (
				4FDF8D3F26237F20008D3BBB /* GoogleService-Info.plist */,
				4F612A1E26221F7300293889 /* GoogleSignInManager.swift */,
				4F612A2726221FA100293889 /* AppDelegate.swift */,
				4FDF8D3526237C61008D3BBB /* Keys.swift */,
			);
			path = Supporting;
			sourceTree = "<group>";
		};
		4F612A2626221F8300293889 /* Views */ = {
			isa = PBXGroup;
			children = (
				4F612A2F26221FE700293889 /* GoogleSignInButton.swift */,
			);
			path = Views;
			sourceTree = "<group>";
		};
		4FC178CD25FB12BC000421E4 = {
			isa = PBXGroup;
			children = (
				4FC178D825FB12BD000421E4 /* Food */,
				4FC178EA25FB12BF000421E4 /* FoodTests */,
				4FC178F525FB12BF000421E4 /* FoodUITests */,
				4FC178D725FB12BD000421E4 /* Products */,
				E29F0D108C8D4048514C7B33 /* Pods */,
				74171DAD15155219967FCC6D /* Frameworks */,
			);
			sourceTree = "<group>";
		};
		4FC178D725FB12BD000421E4 /* Products */ = {
			isa = PBXGroup;
			children = (
				4FC178D625FB12BD000421E4 /* Food.app */,
				4FC178E725FB12BF000421E4 /* FoodTests.xctest */,
				4FC178F225FB12BF000421E4 /* FoodUITests.xctest */,
			);
			name = Products;
			sourceTree = "<group>";
		};
		4FC178D825FB12BD000421E4 /* Food */ = {
			isa = PBXGroup;
			children = (
				4F612A1D26221F3900293889 /* Supporting */,
				4F612A2626221F8300293889 /* Views */,
				4FC178D925FB12BD000421E4 /* FoodApp.swift */,
				4FC178DB25FB12BD000421E4 /* ContentView.swift */,
				4FC178DD25FB12BF000421E4 /* Assets.xcassets */,
				4FC178E225FB12BF000421E4 /* Info.plist */,
				4FC178DF25FB12BF000421E4 /* Preview Content */,
			);
			path = Food;
			sourceTree = "<group>";
		};
		4FC178DF25FB12BF000421E4 /* Preview Content */ = {
			isa = PBXGroup;
			children = (
				4FC178E025FB12BF000421E4 /* Preview Assets.xcassets */,
			);
			path = "Preview Content";
			sourceTree = "<group>";
		};
		4FC178EA25FB12BF000421E4 /* FoodTests */ = {
			isa = PBXGroup;
			children = (
				4FC178EB25FB12BF000421E4 /* FoodTests.swift */,
				4FC178ED25FB12BF000421E4 /* Info.plist */,
			);
			path = FoodTests;
			sourceTree = "<group>";
		};
		4FC178F525FB12BF000421E4 /* FoodUITests */ = {
			isa = PBXGroup;
			children = (
				4FC178F625FB12BF000421E4 /* FoodUITests.swift */,
				4FC178F825FB12BF000421E4 /* Info.plist */,
			);
			path = FoodUITests;
			sourceTree = "<group>";
		};
		74171DAD15155219967FCC6D /* Frameworks */ = {
			isa = PBXGroup;
			children = (
				AD38206AE571A38AE9BBEE7F /* Pods_Food.framework */,
				5D0999BA34BC298259320D75 /* Pods_Food_FoodUITests.framework */,
				A959A0FC2A35E438C490F249 /* Pods_FoodTests.framework */,
			);
			name = Frameworks;
			sourceTree = "<group>";
		};
		E29F0D108C8D4048514C7B33 /* Pods */ = {
			isa = PBXGroup;
			children = (
				2B72DF11008859108332B877 /* Pods-Food.debug.xcconfig */,
				92CC5C047EAA3093B21BD843 /* Pods-Food.release.xcconfig */,
				A8FEF0BDA63EAE30B5A69180 /* Pods-Food-FoodUITests.debug.xcconfig */,
				20E6A71428845F5C09E6AA07 /* Pods-Food-FoodUITests.release.xcconfig */,
				8E07422697FA6B7015700408 /* Pods-FoodTests.debug.xcconfig */,
				EADB0654165849C7A547BD02 /* Pods-FoodTests.release.xcconfig */,
			);
			path = Pods;
			sourceTree = "<group>";
		};
/* End PBXGroup section */

/* Begin PBXNativeTarget section */
		4FC178D525FB12BD000421E4 /* Food */ = {
			isa = PBXNativeTarget;
			buildConfigurationList = 4FC178FB25FB12BF000421E4 /* Build configuration list for PBXNativeTarget "Food" */;
			buildPhases = (
				EA5FAD362B24E02A18F41F2E /* [CP] Check Pods Manifest.lock */,
				4F395AA52606B6AB00A9B2D6 /* ShellScript */,
				4FC178D225FB12BD000421E4 /* Sources */,
				4FC178D325FB12BD000421E4 /* Frameworks */,
				4FC178D425FB12BD000421E4 /* Resources */,
				80BE8D9B50898529172D7151 /* [CP] Embed Pods Frameworks */,
				96967985C9E51E4A2D2DB13A /* [CP] Copy Pods Resources */,
			);
			buildRules = (
			);
			dependencies = (
			);
			name = Food;
			productName = Food;
			productReference = 4FC178D625FB12BD000421E4 /* Food.app */;
			productType = "com.apple.product-type.application";
		};
		4FC178E625FB12BF000421E4 /* FoodTests */ = {
			isa = PBXNativeTarget;
			buildConfigurationList = 4FC178FE25FB12BF000421E4 /* Build configuration list for PBXNativeTarget "FoodTests" */;
			buildPhases = (
				D2F7DF7FB8ED431A77193DDB /* [CP] Check Pods Manifest.lock */,
				4FC178E325FB12BF000421E4 /* Sources */,
				4FC178E425FB12BF000421E4 /* Frameworks */,
				4FC178E525FB12BF000421E4 /* Resources */,
			);
			buildRules = (
			);
			dependencies = (
				4FC178E925FB12BF000421E4 /* PBXTargetDependency */,
			);
			name = FoodTests;
			productName = FoodTests;
			productReference = 4FC178E725FB12BF000421E4 /* FoodTests.xctest */;
			productType = "com.apple.product-type.bundle.unit-test";
		};
		4FC178F125FB12BF000421E4 /* FoodUITests */ = {
			isa = PBXNativeTarget;
			buildConfigurationList = 4FC1790125FB12BF000421E4 /* Build configuration list for PBXNativeTarget "FoodUITests" */;
			buildPhases = (
				8C155738353278B243568B37 /* [CP] Check Pods Manifest.lock */,
				4FC178EE25FB12BF000421E4 /* Sources */,
				4FC178EF25FB12BF000421E4 /* Frameworks */,
				4FC178F025FB12BF000421E4 /* Resources */,
				9993852B7644FCBD0B97F869 /* [CP] Embed Pods Frameworks */,
				C08055D06A37467CAB6BD7A5 /* [CP] Copy Pods Resources */,
			);
			buildRules = (
			);
			dependencies = (
				4FC178F425FB12BF000421E4 /* PBXTargetDependency */,
			);
			name = FoodUITests;
			productName = FoodUITests;
			productReference = 4FC178F225FB12BF000421E4 /* FoodUITests.xctest */;
			productType = "com.apple.product-type.bundle.ui-testing";
		};
/* End PBXNativeTarget section */

/* Begin PBXProject section */
		4FC178CE25FB12BC000421E4 /* Project object */ = {
			isa = PBXProject;
			attributes = {
				LastSwiftUpdateCheck = 1240;
				LastUpgradeCheck = 1240;
				TargetAttributes = {
					4FC178D525FB12BD000421E4 = {
						CreatedOnToolsVersion = 12.4;
					};
					4FC178E625FB12BF000421E4 = {
						CreatedOnToolsVersion = 12.4;
						TestTargetID = 4FC178D525FB12BD000421E4;
					};
					4FC178F125FB12BF000421E4 = {
						CreatedOnToolsVersion = 12.4;
						TestTargetID = 4FC178D525FB12BD000421E4;
					};
				};
			};
			buildConfigurationList = 4FC178D125FB12BC000421E4 /* Build configuration list for PBXProject "Food" */;
			compatibilityVersion = "Xcode 9.3";
			developmentRegion = en;
			hasScannedForEncodings = 0;
			knownRegions = (
				en,
				Base,
			);
			mainGroup = 4FC178CD25FB12BC000421E4;
			productRefGroup = 4FC178D725FB12BD000421E4 /* Products */;
			projectDirPath = "";
			projectRoot = "";
			targets = (
				4FC178D525FB12BD000421E4 /* Food */,
				4FC178E625FB12BF000421E4 /* FoodTests */,
				4FC178F125FB12BF000421E4 /* FoodUITests */,
			);
		};
/* End PBXProject section */

/* Begin PBXResourcesBuildPhase section */
		4FC178D425FB12BD000421E4 /* Resources */ = {
			isa = PBXResourcesBuildPhase;
			buildActionMask = 2147483647;
			files = (
				4FC178E125FB12BF000421E4 /* Preview Assets.xcassets in Resources */,
				4FC178DE25FB12BF000421E4 /* Assets.xcassets in Resources */,
				4FDF8D4026237F20008D3BBB /* GoogleService-Info.plist in Resources */,
			);
			runOnlyForDeploymentPostprocessing = 0;
		};
		4FC178E525FB12BF000421E4 /* Resources */ = {
			isa = PBXResourcesBuildPhase;
			buildActionMask = 2147483647;
			files = (
			);
			runOnlyForDeploymentPostprocessing = 0;
		};
		4FC178F025FB12BF000421E4 /* Resources */ = {
			isa = PBXResourcesBuildPhase;
			buildActionMask = 2147483647;
			files = (
			);
			runOnlyForDeploymentPostprocessing = 0;
		};
/* End PBXResourcesBuildPhase section */

/* Begin PBXShellScriptBuildPhase section */
		4F395AA52606B6AB00A9B2D6 /* ShellScript */ = {
			isa = PBXShellScriptBuildPhase;
			buildActionMask = 2147483647;
			files = (
			);
			inputFileListPaths = (
			);
			inputPaths = (
			);
			outputFileListPaths = (
			);
			outputPaths = (
			);
			runOnlyForDeploymentPostprocessing = 0;
			shellPath = /bin/sh;
			shellScript = "if which swiftlint >/dev/null; then\n  swiftlint\nelse\n  echo \"warning: SwiftLint not installed, download from https://github.com/realm/SwiftLint\"\nfi\n";
		};
		80BE8D9B50898529172D7151 /* [CP] Embed Pods Frameworks */ = {
			isa = PBXShellScriptBuildPhase;
			buildActionMask = 2147483647;
			files = (
			);
			inputFileListPaths = (
				"${PODS_ROOT}/Target Support Files/Pods-Food/Pods-Food-frameworks-${CONFIGURATION}-input-files.xcfilelist",
			);
			name = "[CP] Embed Pods Frameworks";
			outputFileListPaths = (
				"${PODS_ROOT}/Target Support Files/Pods-Food/Pods-Food-frameworks-${CONFIGURATION}-output-files.xcfilelist",
			);
			runOnlyForDeploymentPostprocessing = 0;
			shellPath = /bin/sh;
			shellScript = "\"${PODS_ROOT}/Target Support Files/Pods-Food/Pods-Food-frameworks.sh\"\n";
			showEnvVarsInLog = 0;
		};
		8C155738353278B243568B37 /* [CP] Check Pods Manifest.lock */ = {
			isa = PBXShellScriptBuildPhase;
			buildActionMask = 2147483647;
			files = (
			);
			inputFileListPaths = (
			);
			inputPaths = (
				"${PODS_PODFILE_DIR_PATH}/Podfile.lock",
				"${PODS_ROOT}/Manifest.lock",
			);
			name = "[CP] Check Pods Manifest.lock";
			outputFileListPaths = (
			);
			outputPaths = (
				"$(DERIVED_FILE_DIR)/Pods-Food-FoodUITests-checkManifestLockResult.txt",
			);
			runOnlyForDeploymentPostprocessing = 0;
			shellPath = /bin/sh;
			shellScript = "diff \"${PODS_PODFILE_DIR_PATH}/Podfile.lock\" \"${PODS_ROOT}/Manifest.lock\" > /dev/null\nif [ $? != 0 ] ; then\n    # print error to STDERR\n    echo \"error: The sandbox is not in sync with the Podfile.lock. Run 'pod install' or update your CocoaPods installation.\" >&2\n    exit 1\nfi\n# This output is used by Xcode 'outputs' to avoid re-running this script phase.\necho \"SUCCESS\" > \"${SCRIPT_OUTPUT_FILE_0}\"\n";
			showEnvVarsInLog = 0;
		};
		96967985C9E51E4A2D2DB13A /* [CP] Copy Pods Resources */ = {
			isa = PBXShellScriptBuildPhase;
			buildActionMask = 2147483647;
			files = (
			);
			inputFileListPaths = (
				"${PODS_ROOT}/Target Support Files/Pods-Food/Pods-Food-resources-${CONFIGURATION}-input-files.xcfilelist",
			);
			name = "[CP] Copy Pods Resources";
			outputFileListPaths = (
				"${PODS_ROOT}/Target Support Files/Pods-Food/Pods-Food-resources-${CONFIGURATION}-output-files.xcfilelist",
			);
			runOnlyForDeploymentPostprocessing = 0;
			shellPath = /bin/sh;
			shellScript = "\"${PODS_ROOT}/Target Support Files/Pods-Food/Pods-Food-resources.sh\"\n";
			showEnvVarsInLog = 0;
		};
		9993852B7644FCBD0B97F869 /* [CP] Embed Pods Frameworks */ = {
			isa = PBXShellScriptBuildPhase;
			buildActionMask = 2147483647;
			files = (
			);
			inputFileListPaths = (
				"${PODS_ROOT}/Target Support Files/Pods-Food-FoodUITests/Pods-Food-FoodUITests-frameworks-${CONFIGURATION}-input-files.xcfilelist",
			);
			name = "[CP] Embed Pods Frameworks";
			outputFileListPaths = (
				"${PODS_ROOT}/Target Support Files/Pods-Food-FoodUITests/Pods-Food-FoodUITests-frameworks-${CONFIGURATION}-output-files.xcfilelist",
			);
			runOnlyForDeploymentPostprocessing = 0;
			shellPath = /bin/sh;
			shellScript = "\"${PODS_ROOT}/Target Support Files/Pods-Food-FoodUITests/Pods-Food-FoodUITests-frameworks.sh\"\n";
			showEnvVarsInLog = 0;
		};
		C08055D06A37467CAB6BD7A5 /* [CP] Copy Pods Resources */ = {
			isa = PBXShellScriptBuildPhase;
			buildActionMask = 2147483647;
			files = (
			);
			inputFileListPaths = (
				"${PODS_ROOT}/Target Support Files/Pods-Food-FoodUITests/Pods-Food-FoodUITests-resources-${CONFIGURATION}-input-files.xcfilelist",
			);
			name = "[CP] Copy Pods Resources";
			outputFileListPaths = (
				"${PODS_ROOT}/Target Support Files/Pods-Food-FoodUITests/Pods-Food-FoodUITests-resources-${CONFIGURATION}-output-files.xcfilelist",
			);
			runOnlyForDeploymentPostprocessing = 0;
			shellPath = /bin/sh;
			shellScript = "\"${PODS_ROOT}/Target Support Files/Pods-Food-FoodUITests/Pods-Food-FoodUITests-resources.sh\"\n";
			showEnvVarsInLog = 0;
		};
		D2F7DF7FB8ED431A77193DDB /* [CP] Check Pods Manifest.lock */ = {
			isa = PBXShellScriptBuildPhase;
			buildActionMask = 2147483647;
			files = (
			);
			inputFileListPaths = (
			);
			inputPaths = (
				"${PODS_PODFILE_DIR_PATH}/Podfile.lock",
				"${PODS_ROOT}/Manifest.lock",
			);
			name = "[CP] Check Pods Manifest.lock";
			outputFileListPaths = (
			);
			outputPaths = (
				"$(DERIVED_FILE_DIR)/Pods-FoodTests-checkManifestLockResult.txt",
			);
			runOnlyForDeploymentPostprocessing = 0;
			shellPath = /bin/sh;
			shellScript = "diff \"${PODS_PODFILE_DIR_PATH}/Podfile.lock\" \"${PODS_ROOT}/Manifest.lock\" > /dev/null\nif [ $? != 0 ] ; then\n    # print error to STDERR\n    echo \"error: The sandbox is not in sync with the Podfile.lock. Run 'pod install' or update your CocoaPods installation.\" >&2\n    exit 1\nfi\n# This output is used by Xcode 'outputs' to avoid re-running this script phase.\necho \"SUCCESS\" > \"${SCRIPT_OUTPUT_FILE_0}\"\n";
			showEnvVarsInLog = 0;
		};
		EA5FAD362B24E02A18F41F2E /* [CP] Check Pods Manifest.lock */ = {
			isa = PBXShellScriptBuildPhase;
			buildActionMask = 2147483647;
			files = (
			);
			inputFileListPaths = (
			);
			inputPaths = (
				"${PODS_PODFILE_DIR_PATH}/Podfile.lock",
				"${PODS_ROOT}/Manifest.lock",
			);
			name = "[CP] Check Pods Manifest.lock";
			outputFileListPaths = (
			);
			outputPaths = (
				"$(DERIVED_FILE_DIR)/Pods-Food-checkManifestLockResult.txt",
			);
			runOnlyForDeploymentPostprocessing = 0;
			shellPath = /bin/sh;
			shellScript = "diff \"${PODS_PODFILE_DIR_PATH}/Podfile.lock\" \"${PODS_ROOT}/Manifest.lock\" > /dev/null\nif [ $? != 0 ] ; then\n    # print error to STDERR\n    echo \"error: The sandbox is not in sync with the Podfile.lock. Run 'pod install' or update your CocoaPods installation.\" >&2\n    exit 1\nfi\n# This output is used by Xcode 'outputs' to avoid re-running this script phase.\necho \"SUCCESS\" > \"${SCRIPT_OUTPUT_FILE_0}\"\n";
			showEnvVarsInLog = 0;
		};
/* End PBXShellScriptBuildPhase section */

/* Begin PBXSourcesBuildPhase section */
		4FC178D225FB12BD000421E4 /* Sources */ = {
			isa = PBXSourcesBuildPhase;
			buildActionMask = 2147483647;
			files = (
				4F612A2826221FA100293889 /* AppDelegate.swift in Sources */,
				4FDF8D3626237C61008D3BBB /* Keys.swift in Sources */,
				4FC178DC25FB12BD000421E4 /* ContentView.swift in Sources */,
				4F612A3026221FE700293889 /* GoogleSignInButton.swift in Sources */,
				4FC178DA25FB12BD000421E4 /* FoodApp.swift in Sources */,
				4F612A1F26221F7300293889 /* GoogleSignInManager.swift in Sources */,
			);
			runOnlyForDeploymentPostprocessing = 0;
		};
		4FC178E325FB12BF000421E4 /* Sources */ = {
			isa = PBXSourcesBuildPhase;
			buildActionMask = 2147483647;
			files = (
				4FC178EC25FB12BF000421E4 /* FoodTests.swift in Sources */,
			);
			runOnlyForDeploymentPostprocessing = 0;
		};
		4FC178EE25FB12BF000421E4 /* Sources */ = {
			isa = PBXSourcesBuildPhase;
			buildActionMask = 2147483647;
			files = (
				4FC178F725FB12BF000421E4 /* FoodUITests.swift in Sources */,
			);
			runOnlyForDeploymentPostprocessing = 0;
		};
/* End PBXSourcesBuildPhase section */

/* Begin PBXTargetDependency section */
		4FC178E925FB12BF000421E4 /* PBXTargetDependency */ = {
			isa = PBXTargetDependency;
			target = 4FC178D525FB12BD000421E4 /* Food */;
			targetProxy = 4FC178E825FB12BF000421E4 /* PBXContainerItemProxy */;
		};
		4FC178F425FB12BF000421E4 /* PBXTargetDependency */ = {
			isa = PBXTargetDependency;
			target = 4FC178D525FB12BD000421E4 /* Food */;
			targetProxy = 4FC178F325FB12BF000421E4 /* PBXContainerItemProxy */;
		};
/* End PBXTargetDependency section */

/* Begin XCBuildConfiguration section */
		4FC178F925FB12BF000421E4 /* Debug */ = {
			isa = XCBuildConfiguration;
			buildSettings = {
				ALWAYS_SEARCH_USER_PATHS = NO;
				CLANG_ANALYZER_NONNULL = YES;
				CLANG_ANALYZER_NUMBER_OBJECT_CONVERSION = YES_AGGRESSIVE;
				CLANG_CXX_LANGUAGE_STANDARD = "gnu++14";
				CLANG_CXX_LIBRARY = "libc++";
				CLANG_ENABLE_MODULES = YES;
				CLANG_ENABLE_OBJC_ARC = YES;
				CLANG_ENABLE_OBJC_WEAK = YES;
				CLANG_WARN_BLOCK_CAPTURE_AUTORELEASING = YES;
				CLANG_WARN_BOOL_CONVERSION = YES;
				CLANG_WARN_COMMA = YES;
				CLANG_WARN_CONSTANT_CONVERSION = YES;
				CLANG_WARN_DEPRECATED_OBJC_IMPLEMENTATIONS = YES;
				CLANG_WARN_DIRECT_OBJC_ISA_USAGE = YES_ERROR;
				CLANG_WARN_DOCUMENTATION_COMMENTS = YES;
				CLANG_WARN_EMPTY_BODY = YES;
				CLANG_WARN_ENUM_CONVERSION = YES;
				CLANG_WARN_INFINITE_RECURSION = YES;
				CLANG_WARN_INT_CONVERSION = YES;
				CLANG_WARN_NON_LITERAL_NULL_CONVERSION = YES;
				CLANG_WARN_OBJC_IMPLICIT_RETAIN_SELF = YES;
				CLANG_WARN_OBJC_LITERAL_CONVERSION = YES;
				CLANG_WARN_OBJC_ROOT_CLASS = YES_ERROR;
				CLANG_WARN_QUOTED_INCLUDE_IN_FRAMEWORK_HEADER = YES;
				CLANG_WARN_RANGE_LOOP_ANALYSIS = YES;
				CLANG_WARN_STRICT_PROTOTYPES = YES;
				CLANG_WARN_SUSPICIOUS_MOVE = YES;
				CLANG_WARN_UNGUARDED_AVAILABILITY = YES_AGGRESSIVE;
				CLANG_WARN_UNREACHABLE_CODE = YES;
				CLANG_WARN__DUPLICATE_METHOD_MATCH = YES;
				COPY_PHASE_STRIP = NO;
				DEBUG_INFORMATION_FORMAT = dwarf;
				ENABLE_STRICT_OBJC_MSGSEND = YES;
				ENABLE_TESTABILITY = YES;
				GCC_C_LANGUAGE_STANDARD = gnu11;
				GCC_DYNAMIC_NO_PIC = NO;
				GCC_NO_COMMON_BLOCKS = YES;
				GCC_OPTIMIZATION_LEVEL = 0;
				GCC_PREPROCESSOR_DEFINITIONS = (
					"DEBUG=1",
					"$(inherited)",
				);
				GCC_WARN_64_TO_32_BIT_CONVERSION = YES;
				GCC_WARN_ABOUT_RETURN_TYPE = YES_ERROR;
				GCC_WARN_UNDECLARED_SELECTOR = YES;
				GCC_WARN_UNINITIALIZED_AUTOS = YES_AGGRESSIVE;
				GCC_WARN_UNUSED_FUNCTION = YES;
				GCC_WARN_UNUSED_VARIABLE = YES;
				IPHONEOS_DEPLOYMENT_TARGET = 14.4;
				MTL_ENABLE_DEBUG_INFO = INCLUDE_SOURCE;
				MTL_FAST_MATH = YES;
				ONLY_ACTIVE_ARCH = YES;
				SDKROOT = iphoneos;
				SWIFT_ACTIVE_COMPILATION_CONDITIONS = DEBUG;
				SWIFT_OPTIMIZATION_LEVEL = "-Onone";
			};
			name = Debug;
		};
		4FC178FA25FB12BF000421E4 /* Release */ = {
			isa = XCBuildConfiguration;
			buildSettings = {
				ALWAYS_SEARCH_USER_PATHS = NO;
				CLANG_ANALYZER_NONNULL = YES;
				CLANG_ANALYZER_NUMBER_OBJECT_CONVERSION = YES_AGGRESSIVE;
				CLANG_CXX_LANGUAGE_STANDARD = "gnu++14";
				CLANG_CXX_LIBRARY = "libc++";
				CLANG_ENABLE_MODULES = YES;
				CLANG_ENABLE_OBJC_ARC = YES;
				CLANG_ENABLE_OBJC_WEAK = YES;
				CLANG_WARN_BLOCK_CAPTURE_AUTORELEASING = YES;
				CLANG_WARN_BOOL_CONVERSION = YES;
				CLANG_WARN_COMMA = YES;
				CLANG_WARN_CONSTANT_CONVERSION = YES;
				CLANG_WARN_DEPRECATED_OBJC_IMPLEMENTATIONS = YES;
				CLANG_WARN_DIRECT_OBJC_ISA_USAGE = YES_ERROR;
				CLANG_WARN_DOCUMENTATION_COMMENTS = YES;
				CLANG_WARN_EMPTY_BODY = YES;
				CLANG_WARN_ENUM_CONVERSION = YES;
				CLANG_WARN_INFINITE_RECURSION = YES;
				CLANG_WARN_INT_CONVERSION = YES;
				CLANG_WARN_NON_LITERAL_NULL_CONVERSION = YES;
				CLANG_WARN_OBJC_IMPLICIT_RETAIN_SELF = YES;
				CLANG_WARN_OBJC_LITERAL_CONVERSION = YES;
				CLANG_WARN_OBJC_ROOT_CLASS = YES_ERROR;
				CLANG_WARN_QUOTED_INCLUDE_IN_FRAMEWORK_HEADER = YES;
				CLANG_WARN_RANGE_LOOP_ANALYSIS = YES;
				CLANG_WARN_STRICT_PROTOTYPES = YES;
				CLANG_WARN_SUSPICIOUS_MOVE = YES;
				CLANG_WARN_UNGUARDED_AVAILABILITY = YES_AGGRESSIVE;
				CLANG_WARN_UNREACHABLE_CODE = YES;
				CLANG_WARN__DUPLICATE_METHOD_MATCH = YES;
				COPY_PHASE_STRIP = NO;
				DEBUG_INFORMATION_FORMAT = "dwarf-with-dsym";
				ENABLE_NS_ASSERTIONS = NO;
				ENABLE_STRICT_OBJC_MSGSEND = YES;
				GCC_C_LANGUAGE_STANDARD = gnu11;
				GCC_NO_COMMON_BLOCKS = YES;
				GCC_WARN_64_TO_32_BIT_CONVERSION = YES;
				GCC_WARN_ABOUT_RETURN_TYPE = YES_ERROR;
				GCC_WARN_UNDECLARED_SELECTOR = YES;
				GCC_WARN_UNINITIALIZED_AUTOS = YES_AGGRESSIVE;
				GCC_WARN_UNUSED_FUNCTION = YES;
				GCC_WARN_UNUSED_VARIABLE = YES;
				IPHONEOS_DEPLOYMENT_TARGET = 14.4;
				MTL_ENABLE_DEBUG_INFO = NO;
				MTL_FAST_MATH = YES;
				SDKROOT = iphoneos;
				SWIFT_COMPILATION_MODE = wholemodule;
				SWIFT_OPTIMIZATION_LEVEL = "-O";
				VALIDATE_PRODUCT = YES;
			};
			name = Release;
		};
		4FC178FC25FB12BF000421E4 /* Debug */ = {
			isa = XCBuildConfiguration;
			baseConfigurationReference = 2B72DF11008859108332B877 /* Pods-Food.debug.xcconfig */;
			buildSettings = {
				ASSETCATALOG_COMPILER_APPICON_NAME = AppIcon;
				ASSETCATALOG_COMPILER_GLOBAL_ACCENT_COLOR_NAME = AccentColor;
				CODE_SIGN_STYLE = Automatic;
				DEVELOPMENT_ASSET_PATHS = "\"Food/Preview Content\"";
				ENABLE_PREVIEWS = YES;
				INFOPLIST_FILE = Food/Info.plist;
				IPHONEOS_DEPLOYMENT_TARGET = 14.0;
				LD_RUNPATH_SEARCH_PATHS = (
					"$(inherited)",
					"@executable_path/Frameworks",
				);
				PRODUCT_BUNDLE_IDENTIFIER = cornellappdev.Food;
				PRODUCT_NAME = "$(TARGET_NAME)";
				SWIFT_VERSION = 5.0;
				TARGETED_DEVICE_FAMILY = "1,2";
			};
			name = Debug;
		};
		4FC178FD25FB12BF000421E4 /* Release */ = {
			isa = XCBuildConfiguration;
			baseConfigurationReference = 92CC5C047EAA3093B21BD843 /* Pods-Food.release.xcconfig */;
			buildSettings = {
				ASSETCATALOG_COMPILER_APPICON_NAME = AppIcon;
				ASSETCATALOG_COMPILER_GLOBAL_ACCENT_COLOR_NAME = AccentColor;
				CODE_SIGN_STYLE = Automatic;
				DEVELOPMENT_ASSET_PATHS = "\"Food/Preview Content\"";
				ENABLE_PREVIEWS = YES;
				INFOPLIST_FILE = Food/Info.plist;
				IPHONEOS_DEPLOYMENT_TARGET = 14.0;
				LD_RUNPATH_SEARCH_PATHS = (
					"$(inherited)",
					"@executable_path/Frameworks",
				);
				PRODUCT_BUNDLE_IDENTIFIER = cornellappdev.Food;
				PRODUCT_NAME = "$(TARGET_NAME)";
				SWIFT_VERSION = 5.0;
				TARGETED_DEVICE_FAMILY = "1,2";
			};
			name = Release;
		};
		4FC178FF25FB12BF000421E4 /* Debug */ = {
			isa = XCBuildConfiguration;
			baseConfigurationReference = 8E07422697FA6B7015700408 /* Pods-FoodTests.debug.xcconfig */;
			buildSettings = {
				ALWAYS_EMBED_SWIFT_STANDARD_LIBRARIES = YES;
				BUNDLE_LOADER = "$(TEST_HOST)";
				CODE_SIGN_STYLE = Automatic;
				INFOPLIST_FILE = FoodTests/Info.plist;
				IPHONEOS_DEPLOYMENT_TARGET = 14.0;
				LD_RUNPATH_SEARCH_PATHS = (
					"$(inherited)",
					"@executable_path/Frameworks",
					"@loader_path/Frameworks",
				);
				PRODUCT_BUNDLE_IDENTIFIER = cornellappdev.FoodTests;
				PRODUCT_NAME = "$(TARGET_NAME)";
				SWIFT_VERSION = 5.0;
				TARGETED_DEVICE_FAMILY = "1,2";
				TEST_HOST = "$(BUILT_PRODUCTS_DIR)/Food.app/Food";
			};
			name = Debug;
		};
		4FC1790025FB12BF000421E4 /* Release */ = {
			isa = XCBuildConfiguration;
			baseConfigurationReference = EADB0654165849C7A547BD02 /* Pods-FoodTests.release.xcconfig */;
			buildSettings = {
				ALWAYS_EMBED_SWIFT_STANDARD_LIBRARIES = YES;
				BUNDLE_LOADER = "$(TEST_HOST)";
				CODE_SIGN_STYLE = Automatic;
				INFOPLIST_FILE = FoodTests/Info.plist;
				IPHONEOS_DEPLOYMENT_TARGET = 14.0;
				LD_RUNPATH_SEARCH_PATHS = (
					"$(inherited)",
					"@executable_path/Frameworks",
					"@loader_path/Frameworks",
				);
				PRODUCT_BUNDLE_IDENTIFIER = cornellappdev.FoodTests;
				PRODUCT_NAME = "$(TARGET_NAME)";
				SWIFT_VERSION = 5.0;
				TARGETED_DEVICE_FAMILY = "1,2";
				TEST_HOST = "$(BUILT_PRODUCTS_DIR)/Food.app/Food";
			};
			name = Release;
		};
		4FC1790225FB12BF000421E4 /* Debug */ = {
			isa = XCBuildConfiguration;
			baseConfigurationReference = A8FEF0BDA63EAE30B5A69180 /* Pods-Food-FoodUITests.debug.xcconfig */;
			buildSettings = {
				ALWAYS_EMBED_SWIFT_STANDARD_LIBRARIES = YES;
				CODE_SIGN_STYLE = Automatic;
				INFOPLIST_FILE = FoodUITests/Info.plist;
				LD_RUNPATH_SEARCH_PATHS = (
					"$(inherited)",
					"@executable_path/Frameworks",
					"@loader_path/Frameworks",
				);
				PRODUCT_BUNDLE_IDENTIFIER = cornellappdev.FoodUITests;
				PRODUCT_NAME = "$(TARGET_NAME)";
				SWIFT_VERSION = 5.0;
				TARGETED_DEVICE_FAMILY = "1,2";
				TEST_TARGET_NAME = Food;
			};
			name = Debug;
		};
		4FC1790325FB12BF000421E4 /* Release */ = {
			isa = XCBuildConfiguration;
			baseConfigurationReference = 20E6A71428845F5C09E6AA07 /* Pods-Food-FoodUITests.release.xcconfig */;
			buildSettings = {
				ALWAYS_EMBED_SWIFT_STANDARD_LIBRARIES = YES;
				CODE_SIGN_STYLE = Automatic;
				INFOPLIST_FILE = FoodUITests/Info.plist;
				LD_RUNPATH_SEARCH_PATHS = (
					"$(inherited)",
					"@executable_path/Frameworks",
					"@loader_path/Frameworks",
				);
				PRODUCT_BUNDLE_IDENTIFIER = cornellappdev.FoodUITests;
				PRODUCT_NAME = "$(TARGET_NAME)";
				SWIFT_VERSION = 5.0;
				TARGETED_DEVICE_FAMILY = "1,2";
				TEST_TARGET_NAME = Food;
			};
			name = Release;
		};
/* End XCBuildConfiguration section */

/* Begin XCConfigurationList section */
		4FC178D125FB12BC000421E4 /* Build configuration list for PBXProject "Food" */ = {
			isa = XCConfigurationList;
			buildConfigurations = (
				4FC178F925FB12BF000421E4 /* Debug */,
				4FC178FA25FB12BF000421E4 /* Release */,
			);
			defaultConfigurationIsVisible = 0;
			defaultConfigurationName = Release;
		};
		4FC178FB25FB12BF000421E4 /* Build configuration list for PBXNativeTarget "Food" */ = {
			isa = XCConfigurationList;
			buildConfigurations = (
				4FC178FC25FB12BF000421E4 /* Debug */,
				4FC178FD25FB12BF000421E4 /* Release */,
			);
			defaultConfigurationIsVisible = 0;
			defaultConfigurationName = Release;
		};
		4FC178FE25FB12BF000421E4 /* Build configuration list for PBXNativeTarget "FoodTests" */ = {
			isa = XCConfigurationList;
			buildConfigurations = (
				4FC178FF25FB12BF000421E4 /* Debug */,
				4FC1790025FB12BF000421E4 /* Release */,
			);
			defaultConfigurationIsVisible = 0;
			defaultConfigurationName = Release;
		};
		4FC1790125FB12BF000421E4 /* Build configuration list for PBXNativeTarget "FoodUITests" */ = {
			isa = XCConfigurationList;
			buildConfigurations = (
				4FC1790225FB12BF000421E4 /* Debug */,
				4FC1790325FB12BF000421E4 /* Release */,
			);
			defaultConfigurationIsVisible = 0;
			defaultConfigurationName = Release;
		};
/* End XCConfigurationList section */
	};
	rootObject = 4FC178CE25FB12BC000421E4 /* Project object */;
}
